
Microsoft Visual Studio Solution File, Format Version 12.00
# Visual Studio Version 17
VisualStudioVersion = 17.11.35312.102
MinimumVisualStudioVersion = 10.0.40219.1
Project("{FAE04EC0-301F-11D3-BF4B-00C04F79EFBC}") = "AITR", "AITR\AITR.csproj", "{1D40208F-5F06-4F25-8528-0B4942537D41}"
EndProject
Global
	GlobalSection(SolutionConfigurationPlatforms) = preSolution
		Debug|Any CPU = Debug|Any CPU
		Release|Any CPU = Release|Any CPU
	EndGlobalSection
	GlobalSection(ProjectConfigurationPlatforms) = postSolution
		{1D40208F-5F06-4F25-8528-0B4942537D41}.Debug|Any CPU.ActiveCfg = Debug|Any CPU
		{1D40208F-5F06-4F25-8528-0B4942537D41}.Debug|Any CPU.Build.0 = Debug|Any CPU
		{1D40208F-5F06-4F25-8528-0B4942537D41}.Release|Any CPU.ActiveCfg = Release|Any CPU
		{1D40208F-5F06-4F25-8528-0B4942537D41}.Release|Any CPU.Build.0 = Release|Any CPU
	EndGlobalSection
	GlobalSection(SolutionProperties) = preSolution
		HideSolutionNode = FALSE
	EndGlobalSection
	GlobalSection(ExtensibilityGlobals) = postSolution
		SolutionGuid = {DCC3BBE7-4677-4BD4-94B1-7498E92CA4FD}
	EndGlobalSection
EndGlobal
